
Microsoft Visual Studio Solution File, Format Version 12.00
# Visual Studio Version 16
VisualStudioVersion = 16.0.28803.202
MinimumVisualStudioVersion = 10.0.40219.1
Project("{FAE04EC0-301F-11D3-BF4B-00C04F79EFBC}") = "Vigilante.Core", "Vigilante.Core\Vigilante.Core.csproj", "{1091AA27-A863-4E59-8835-7118A730635E}"
EndProject
Project("{FAE04EC0-301F-11D3-BF4B-00C04F79EFBC}") = "Vigilante.Database", "Vigilante.Database\Vigilante.Database.csproj", "{57703A8A-BBB4-4445-809C-B6E4C4D80D5A}"
EndProject
Project("{FAE04EC0-301F-11D3-BF4B-00C04F79EFBC}") = "Vigilante.Services", "Vigilante.Services\Vigilante.Services.csproj", "{739EDF3F-E61E-4519-B7D5-D2317DF62594}"
EndProject
Project("{FAE04EC0-301F-11D3-BF4B-00C04F79EFBC}") = "Vigilante.Tests", "Vigilante.Tests\Vigilante.Tests.csproj", "{BEE250F0-B95A-492A-8874-59CA127CB640}"
EndProject
Project("{FAE04EC0-301F-11D3-BF4B-00C04F79EFBC}") = "Vigilante.Web", "Vigilante.Web\Vigilante.Web.csproj", "{F2BA201F-EAC0-4247-9C0C-BDED1EC45529}"
EndProject
Global
	GlobalSection(SolutionConfigurationPlatforms) = preSolution
		Debug|Any CPU = Debug|Any CPU
		Release|Any CPU = Release|Any CPU
	EndGlobalSection
	GlobalSection(ProjectConfigurationPlatforms) = postSolution
		{1091AA27-A863-4E59-8835-7118A730635E}.Debug|Any CPU.ActiveCfg = Debug|Any CPU
		{1091AA27-A863-4E59-8835-7118A730635E}.Debug|Any CPU.Build.0 = Debug|Any CPU
		{1091AA27-A863-4E59-8835-7118A730635E}.Release|Any CPU.ActiveCfg = Release|Any CPU
		{1091AA27-A863-4E59-8835-7118A730635E}.Release|Any CPU.Build.0 = Release|Any CPU
		{57703A8A-BBB4-4445-809C-B6E4C4D80D5A}.Debug|Any CPU.ActiveCfg = Debug|Any CPU
		{57703A8A-BBB4-4445-809C-B6E4C4D80D5A}.Debug|Any CPU.Build.0 = Debug|Any CPU
		{57703A8A-BBB4-4445-809C-B6E4C4D80D5A}.Release|Any CPU.ActiveCfg = Release|Any CPU
		{57703A8A-BBB4-4445-809C-B6E4C4D80D5A}.Release|Any CPU.Build.0 = Release|Any CPU
		{739EDF3F-E61E-4519-B7D5-D2317DF62594}.Debug|Any CPU.ActiveCfg = Debug|Any CPU
		{739EDF3F-E61E-4519-B7D5-D2317DF62594}.Debug|Any CPU.Build.0 = Debug|Any CPU
		{739EDF3F-E61E-4519-B7D5-D2317DF62594}.Release|Any CPU.ActiveCfg = Release|Any CPU
		{739EDF3F-E61E-4519-B7D5-D2317DF62594}.Release|Any CPU.Build.0 = Release|Any CPU
		{BEE250F0-B95A-492A-8874-59CA127CB640}.Debug|Any CPU.ActiveCfg = Debug|Any CPU
		{BEE250F0-B95A-492A-8874-59CA127CB640}.Debug|Any CPU.Build.0 = Debug|Any CPU
		{BEE250F0-B95A-492A-8874-59CA127CB640}.Release|Any CPU.ActiveCfg = Release|Any CPU
		{BEE250F0-B95A-492A-8874-59CA127CB640}.Release|Any CPU.Build.0 = Release|Any CPU
		{F2BA201F-EAC0-4247-9C0C-BDED1EC45529}.Debug|Any CPU.ActiveCfg = Debug|Any CPU
		{F2BA201F-EAC0-4247-9C0C-BDED1EC45529}.Debug|Any CPU.Build.0 = Debug|Any CPU
		{F2BA201F-EAC0-4247-9C0C-BDED1EC45529}.Release|Any CPU.ActiveCfg = Release|Any CPU
		{F2BA201F-EAC0-4247-9C0C-BDED1EC45529}.Release|Any CPU.Build.0 = Release|Any CPU
	EndGlobalSection
	GlobalSection(SolutionProperties) = preSolution
		HideSolutionNode = FALSE
	EndGlobalSection
	GlobalSection(ExtensibilityGlobals) = postSolution
		SolutionGuid = {FFCF25C5-4118-4697-B21F-DB8513DE3B33}
	EndGlobalSection
EndGlobal
